// !$*UTF8*$!
{
	archiveVersion = 1;
	classes = {
	};
	objectVersion = 55;
	objects = {

/* Begin PBXBuildFile section */
		5EF59FB928D21B4800AB7851 /* PlanetsAppApp.swift in Sources */ = {isa = PBXBuildFile; fileRef = 5EF59FB828D21B4800AB7851 /* PlanetsAppApp.swift */; };
		5EF59FBB28D21B4800AB7851 /* ContentView.swift in Sources */ = {isa = PBXBuildFile; fileRef = 5EF59FBA28D21B4800AB7851 /* ContentView.swift */; };
		5EF59FBD28D21B4800AB7851 /* Assets.xcassets in Resources */ = {isa = PBXBuildFile; fileRef = 5EF59FBC28D21B4800AB7851 /* Assets.xcassets */; };
		5EF59FC028D21B4800AB7851 /* Preview Assets.xcassets in Resources */ = {isa = PBXBuildFile; fileRef = 5EF59FBF28D21B4800AB7851 /* Preview Assets.xcassets */; };
		5EF59FC828D21CA700AB7851 /* NetworkManager.swift in Sources */ = {isa = PBXBuildFile; fileRef = 5EF59FC728D21CA700AB7851 /* NetworkManager.swift */; };
		5EF59FCD28D2208B00AB7851 /* HomeViewModel.swift in Sources */ = {isa = PBXBuildFile; fileRef = 5EF59FCC28D2208B00AB7851 /* HomeViewModel.swift */; };
		5EF59FD128D2214F00AB7851 /* PlanetResultModel.swift in Sources */ = {isa = PBXBuildFile; fileRef = 5EF59FD028D2214F00AB7851 /* PlanetResultModel.swift */; };
		5EF59FD328D2218400AB7851 /* PlanetCardView.swift in Sources */ = {isa = PBXBuildFile; fileRef = 5EF59FD228D2218400AB7851 /* PlanetCardView.swift */; };
		5EF59FD528D22A5800AB7851 /* PlanetDetailView.swift in Sources */ = {isa = PBXBuildFile; fileRef = 5EF59FD428D22A5800AB7851 /* PlanetDetailView.swift */; };
/* End PBXBuildFile section */

/* Begin PBXFileReference section */
		5EF59FB528D21B4800AB7851 /* PlanetsApp.app */ = {isa = PBXFileReference; explicitFileType = wrapper.application; includeInIndex = 0; path = PlanetsApp.app; sourceTree = BUILT_PRODUCTS_DIR; };
		5EF59FB828D21B4800AB7851 /* PlanetsAppApp.swift */ = {isa = PBXFileReference; lastKnownFileType = sourcecode.swift; path = PlanetsAppApp.swift; sourceTree = "<group>"; };
		5EF59FBA28D21B4800AB7851 /* ContentView.swift */ = {isa = PBXFileReference; lastKnownFileType = sourcecode.swift; path = ContentView.swift; sourceTree = "<group>"; };
		5EF59FBC28D21B4800AB7851 /* Assets.xcassets */ = {isa = PBXFileReference; lastKnownFileType = folder.assetcatalog; path = Assets.xcassets; sourceTree = "<group>"; };
		5EF59FBF28D21B4800AB7851 /* Preview Assets.xcassets */ = {isa = PBXFileReference; lastKnownFileType = folder.assetcatalog; path = "Preview Assets.xcassets"; sourceTree = "<group>"; };
		5EF59FC728D21CA700AB7851 /* NetworkManager.swift */ = {isa = PBXFileReference; lastKnownFileType = sourcecode.swift; path = NetworkManager.swift; sourceTree = "<group>"; };
		5EF59FCC28D2208B00AB7851 /* HomeViewModel.swift */ = {isa = PBXFileReference; lastKnownFileType = sourcecode.swift; path = HomeViewModel.swift; sourceTree = "<group>"; };
		5EF59FD028D2214F00AB7851 /* PlanetResultModel.swift */ = {isa = PBXFileReference; lastKnownFileType = sourcecode.swift; path = PlanetResultModel.swift; sourceTree = "<group>"; };
		5EF59FD228D2218400AB7851 /* PlanetCardView.swift */ = {isa = PBXFileReference; lastKnownFileType = sourcecode.swift; path = PlanetCardView.swift; sourceTree = "<group>"; };
		5EF59FD428D22A5800AB7851 /* PlanetDetailView.swift */ = {isa = PBXFileReference; lastKnownFileType = sourcecode.swift; path = PlanetDetailView.swift; sourceTree = "<group>"; };
/* End PBXFileReference section */

/* Begin PBXFrameworksBuildPhase section */
		5EF59FB228D21B4800AB7851 /* Frameworks */ = {
			isa = PBXFrameworksBuildPhase;
			buildActionMask = 2147483647;
			files = (
			);
			runOnlyForDeploymentPostprocessing = 0;
		};
/* End PBXFrameworksBuildPhase section */

/* Begin PBXGroup section */
		5EF59FAC28D21B4800AB7851 = {
			isa = PBXGroup;
			children = (
				5EF59FB728D21B4800AB7851 /* PlanetsApp */,
				5EF59FB628D21B4800AB7851 /* Products */,
			);
			sourceTree = "<group>";
		};
		5EF59FB628D21B4800AB7851 /* Products */ = {
			isa = PBXGroup;
			children = (
				5EF59FB528D21B4800AB7851 /* PlanetsApp.app */,
			);
			name = Products;
			sourceTree = "<group>";
		};
		5EF59FB728D21B4800AB7851 /* PlanetsApp */ = {
			isa = PBXGroup;
			children = (
				5EF59FC928D21FE000AB7851 /* PlanetCore */,
				5EF59FB828D21B4800AB7851 /* PlanetsAppApp.swift */,
				5EF59FBA28D21B4800AB7851 /* ContentView.swift */,
				5EF59FBC28D21B4800AB7851 /* Assets.xcassets */,
				5EF59FBE28D21B4800AB7851 /* Preview Content */,
			);
			path = PlanetsApp;
			sourceTree = "<group>";
		};
		5EF59FBE28D21B4800AB7851 /* Preview Content */ = {
			isa = PBXGroup;
			children = (
				5EF59FBF28D21B4800AB7851 /* Preview Assets.xcassets */,
			);
			path = "Preview Content";
			sourceTree = "<group>";
		};
		5EF59FC628D21C8500AB7851 /* Manager */ = {
			isa = PBXGroup;
			children = (
				5EF59FC728D21CA700AB7851 /* NetworkManager.swift */,
			);
			path = Manager;
			sourceTree = "<group>";
		};
		5EF59FC928D21FE000AB7851 /* PlanetCore */ = {
			isa = PBXGroup;
			children = (
				5EF59FC628D21C8500AB7851 /* Manager */,
				5EF59FCE28D2210600AB7851 /* Model */,
				5EF59FCF28D2213200AB7851 /* View */,
				5EF59FCA28D2201B00AB7851 /* ViewModel */,
			);
			path = PlanetCore;
			sourceTree = "<group>";
		};
		5EF59FCA28D2201B00AB7851 /* ViewModel */ = {
			isa = PBXGroup;
			children = (
				5EF59FCC28D2208B00AB7851 /* HomeViewModel.swift */,
				5EF59FD428D22A5800AB7851 /* PlanetDetailView.swift */,
			);
			path = ViewModel;
			sourceTree = "<group>";
		};
		5EF59FCE28D2210600AB7851 /* Model */ = {
			isa = PBXGroup;
			children = (
				5EF59FD028D2214F00AB7851 /* PlanetResultModel.swift */,
			);
			path = Model;
			sourceTree = "<group>";
		};
		5EF59FCF28D2213200AB7851 /* View */ = {
			isa = PBXGroup;
			children = (
				5EF59FD228D2218400AB7851 /* PlanetCardView.swift */,
			);
			path = View;
			sourceTree = "<group>";
		};
/* End PBXGroup section */

/* Begin PBXNativeTarget section */
		5EF59FB428D21B4800AB7851 /* PlanetsApp */ = {
			isa = PBXNativeTarget;
			buildConfigurationList = 5EF59FC328D21B4800AB7851 /* Build configuration list for PBXNativeTarget "PlanetsApp" */;
			buildPhases = (
				5EF59FB128D21B4800AB7851 /* Sources */,
				5EF59FB228D21B4800AB7851 /* Frameworks */,
				5EF59FB328D21B4800AB7851 /* Resources */,
			);
			buildRules = (
			);
			dependencies = (
			);
			name = PlanetsApp;
			productName = PlanetsApp;
			productReference = 5EF59FB528D21B4800AB7851 /* PlanetsApp.app */;
			productType = "com.apple.product-type.application";
		};
/* End PBXNativeTarget section */

/* Begin PBXProject section */
		5EF59FAD28D21B4800AB7851 /* Project object */ = {
			isa = PBXProject;
			attributes = {
				BuildIndependentTargetsInParallel = 1;
				LastSwiftUpdateCheck = 1340;
				LastUpgradeCheck = 1340;
				TargetAttributes = {
					5EF59FB428D21B4800AB7851 = {
						CreatedOnToolsVersion = 13.4;
					};
				};
			};
			buildConfigurationList = 5EF59FB028D21B4800AB7851 /* Build configuration list for PBXProject "PlanetsApp" */;
			compatibilityVersion = "Xcode 13.0";
			developmentRegion = en;
			hasScannedForEncodings = 0;
			knownRegions = (
				en,
				Base,
			);
			mainGroup = 5EF59FAC28D21B4800AB7851;
			productRefGroup = 5EF59FB628D21B4800AB7851 /* Products */;
			projectDirPath = "";
			projectRoot = "";
			targets = (
				5EF59FB428D21B4800AB7851 /* PlanetsApp */,
			);
		};
/* End PBXProject section */

/* Begin PBXResourcesBuildPhase section */
		5EF59FB328D21B4800AB7851 /* Resources */ = {
			isa = PBXResourcesBuildPhase;
			buildActionMask = 2147483647;
			files = (
				5EF59FC028D21B4800AB7851 /* Preview Assets.xcassets in Resources */,
				5EF59FBD28D21B4800AB7851 /* Assets.xcassets in Resources */,
			);
			runOnlyForDeploymentPostprocessing = 0;
		};
/* End PBXResourcesBuildPhase section */

/* Begin PBXSourcesBuildPhase section */
		5EF59FB128D21B4800AB7851 /* Sources */ = {
			isa = PBXSourcesBuildPhase;
			buildActionMask = 2147483647;
			files = (
				5EF59FC828D21CA700AB7851 /* NetworkManager.swift in Sources */,
				5EF59FBB28D21B4800AB7851 /* ContentView.swift in Sources */,
				5EF59FB928D21B4800AB7851 /* PlanetsAppApp.swift in Sources */,
				5EF59FCD28D2208B00AB7851 /* HomeViewModel.swift in Sources */,
				5EF59FD328D2218400AB7851 /* PlanetCardView.swift in Sources */,
				5EF59FD528D22A5800AB7851 /* PlanetDetailView.swift in Sources */,
				5EF59FD128D2214F00AB7851 /* PlanetResultModel.swift in Sources */,
			);
			runOnlyForDeploymentPostprocessing = 0;
		};
/* End PBXSourcesBuildPhase section */

/* Begin XCBuildConfiguration section */
		5EF59FC128D21B4800AB7851 /* Debug */ = {
			isa = XCBuildConfiguration;
			buildSettings = {
				ALWAYS_SEARCH_USER_PATHS = NO;
				CLANG_ANALYZER_NONNULL = YES;
				CLANG_ANALYZER_NUMBER_OBJECT_CONVERSION = YES_AGGRESSIVE;
				CLANG_CXX_LANGUAGE_STANDARD = "gnu++17";
				CLANG_ENABLE_MODULES = YES;
				CLANG_ENABLE_OBJC_ARC = YES;
				CLANG_ENABLE_OBJC_WEAK = YES;
				CLANG_WARN_BLOCK_CAPTURE_AUTORELEASING = YES;
				CLANG_WARN_BOOL_CONVERSION = YES;
				CLANG_WARN_COMMA = YES;
				CLANG_WARN_CONSTANT_CONVERSION = YES;
				CLANG_WARN_DEPRECATED_OBJC_IMPLEMENTATIONS = YES;
				CLANG_WARN_DIRECT_OBJC_ISA_USAGE = YES_ERROR;
				CLANG_WARN_DOCUMENTATION_COMMENTS = YES;
				CLANG_WARN_EMPTY_BODY = YES;
				CLANG_WARN_ENUM_CONVERSION = YES;
				CLANG_WARN_INFINITE_RECURSION = YES;
				CLANG_WARN_INT_CONVERSION = YES;
				CLANG_WARN_NON_LITERAL_NULL_CONVERSION = YES;
				CLANG_WARN_OBJC_IMPLICIT_RETAIN_SELF = YES;
				CLANG_WARN_OBJC_LITERAL_CONVERSION = YES;
				CLANG_WARN_OBJC_ROOT_CLASS = YES_ERROR;
				CLANG_WARN_QUOTED_INCLUDE_IN_FRAMEWORK_HEADER = YES;
				CLANG_WARN_RANGE_LOOP_ANALYSIS = YES;
				CLANG_WARN_STRICT_PROTOTYPES = YES;
				CLANG_WARN_SUSPICIOUS_MOVE = YES;
				CLANG_WARN_UNGUARDED_AVAILABILITY = YES_AGGRESSIVE;
				CLANG_WARN_UNREACHABLE_CODE = YES;
				CLANG_WARN__DUPLICATE_METHOD_MATCH = YES;
				COPY_PHASE_STRIP = NO;
				DEBUG_INFORMATION_FORMAT = dwarf;
				ENABLE_STRICT_OBJC_MSGSEND = YES;
				ENABLE_TESTABILITY = YES;
				GCC_C_LANGUAGE_STANDARD = gnu11;
				GCC_DYNAMIC_NO_PIC = NO;
				GCC_NO_COMMON_BLOCKS = YES;
				GCC_OPTIMIZATION_LEVEL = 0;
				GCC_PREPROCESSOR_DEFINITIONS = (
					"DEBUG=1",
					"$(inherited)",
				);
				GCC_WARN_64_TO_32_BIT_CONVERSION = YES;
				GCC_WARN_ABOUT_RETURN_TYPE = YES_ERROR;
				GCC_WARN_UNDECLARED_SELECTOR = YES;
				GCC_WARN_UNINITIALIZED_AUTOS = YES_AGGRESSIVE;
				GCC_WARN_UNUSED_FUNCTION = YES;
				GCC_WARN_UNUSED_VARIABLE = YES;
				IPHONEOS_DEPLOYMENT_TARGET = 15.5;
				MTL_ENABLE_DEBUG_INFO = INCLUDE_SOURCE;
				MTL_FAST_MATH = YES;
				ONLY_ACTIVE_ARCH = YES;
				SDKROOT = iphoneos;
				SWIFT_ACTIVE_COMPILATION_CONDITIONS = DEBUG;
				SWIFT_OPTIMIZATION_LEVEL = "-Onone";
			};
			name = Debug;
		};
		5EF59FC228D21B4800AB7851 /* Release */ = {
			isa = XCBuildConfiguration;
			buildSettings = {
				ALWAYS_SEARCH_USER_PATHS = NO;
				CLANG_ANALYZER_NONNULL = YES;
				CLANG_ANALYZER_NUMBER_OBJECT_CONVERSION = YES_AGGRESSIVE;
				CLANG_CXX_LANGUAGE_STANDARD = "gnu++17";
				CLANG_ENABLE_MODULES = YES;
				CLANG_ENABLE_OBJC_ARC = YES;
				CLANG_ENABLE_OBJC_WEAK = YES;
				CLANG_WARN_BLOCK_CAPTURE_AUTORELEASING = YES;
				CLANG_WARN_BOOL_CONVERSION = YES;
				CLANG_WARN_COMMA = YES;
				CLANG_WARN_CONSTANT_CONVERSION = YES;
				CLANG_WARN_DEPRECATED_OBJC_IMPLEMENTATIONS = YES;
				CLANG_WARN_DIRECT_OBJC_ISA_USAGE = YES_ERROR;
				CLANG_WARN_DOCUMENTATION_COMMENTS = YES;
				CLANG_WARN_EMPTY_BODY = YES;
				CLANG_WARN_ENUM_CONVERSION = YES;
				CLANG_WARN_INFINITE_RECURSION = YES;
				CLANG_WARN_INT_CONVERSION = YES;
				CLANG_WARN_NON_LITERAL_NULL_CONVERSION = YES;
				CLANG_WARN_OBJC_IMPLICIT_RETAIN_SELF = YES;
				CLANG_WARN_OBJC_LITERAL_CONVERSION = YES;
				CLANG_WARN_OBJC_ROOT_CLASS = YES_ERROR;
				CLANG_WARN_QUOTED_INCLUDE_IN_FRAMEWORK_HEADER = YES;
				CLANG_WARN_RANGE_LOOP_ANALYSIS = YES;
				CLANG_WARN_STRICT_PROTOTYPES = YES;
				CLANG_WARN_SUSPICIOUS_MOVE = YES;
				CLANG_WARN_UNGUARDED_AVAILABILITY = YES_AGGRESSIVE;
				CLANG_WARN_UNREACHABLE_CODE = YES;
				CLANG_WARN__DUPLICATE_METHOD_MATCH = YES;
				COPY_PHASE_STRIP = NO;
				DEBUG_INFORMATION_FORMAT = "dwarf-with-dsym";
				ENABLE_NS_ASSERTIONS = NO;
				ENABLE_STRICT_OBJC_MSGSEND = YES;
				GCC_C_LANGUAGE_STANDARD = gnu11;
				GCC_NO_COMMON_BLOCKS = YES;
				GCC_WARN_64_TO_32_BIT_CONVERSION = YES;
				GCC_WARN_ABOUT_RETURN_TYPE = YES_ERROR;
				GCC_WARN_UNDECLARED_SELECTOR = YES;
				GCC_WARN_UNINITIALIZED_AUTOS = YES_AGGRESSIVE;
				GCC_WARN_UNUSED_FUNCTION = YES;
				GCC_WARN_UNUSED_VARIABLE = YES;
				IPHONEOS_DEPLOYMENT_TARGET = 15.5;
				MTL_ENABLE_DEBUG_INFO = NO;
				MTL_FAST_MATH = YES;
				SDKROOT = iphoneos;
				SWIFT_COMPILATION_MODE = wholemodule;
				SWIFT_OPTIMIZATION_LEVEL = "-O";
				VALIDATE_PRODUCT = YES;
			};
			name = Release;
		};
		5EF59FC428D21B4800AB7851 /* Debug */ = {
			isa = XCBuildConfiguration;
			buildSettings = {
				ASSETCATALOG_COMPILER_APPICON_NAME = AppIcon;
				ASSETCATALOG_COMPILER_GLOBAL_ACCENT_COLOR_NAME = AccentColor;
				CODE_SIGN_STYLE = Automatic;
				CURRENT_PROJECT_VERSION = 1;
				DEVELOPMENT_ASSET_PATHS = "\"PlanetsApp/Preview Content\"";
				ENABLE_PREVIEWS = YES;
				GENERATE_INFOPLIST_FILE = YES;
				INFOPLIST_KEY_UIApplicationSceneManifest_Generation = YES;
				INFOPLIST_KEY_UIApplicationSupportsIndirectInputEvents = YES;
				INFOPLIST_KEY_UILaunchScreen_Generation = YES;
				INFOPLIST_KEY_UISupportedInterfaceOrientations_iPad = "UIInterfaceOrientationPortrait UIInterfaceOrientationPortraitUpsideDown UIInterfaceOrientationLandscapeLeft UIInterfaceOrientationLandscapeRight";
				INFOPLIST_KEY_UISupportedInterfaceOrientations_iPhone = "UIInterfaceOrientationPortrait UIInterfaceOrientationLandscapeLeft UIInterfaceOrientationLandscapeRight";
				IPHONEOS_DEPLOYMENT_TARGET = 14.0;
				LD_RUNPATH_SEARCH_PATHS = (
					"$(inherited)",
					"@executable_path/Frameworks",
				);
				MARKETING_VERSION = 1.0;
				PRODUCT_BUNDLE_IDENTIFIER = com.nuwan.PlanetsApp;
				PRODUCT_NAME = "$(TARGET_NAME)";
				SWIFT_EMIT_LOC_STRINGS = YES;
				SWIFT_VERSION = 5.0;
				TARGETED_DEVICE_FAMILY = "1,2";
			};
			name = Debug;
		};
		5EF59FC528D21B4800AB7851 /* Release */ = {
			isa = XCBuildConfiguration;
			buildSettings = {
				ASSETCATALOG_COMPILER_APPICON_NAME = AppIcon;
				ASSETCATALOG_COMPILER_GLOBAL_ACCENT_COLOR_NAME = AccentColor;
				CODE_SIGN_STYLE = Automatic;
				CURRENT_PROJECT_VERSION = 1;
				DEVELOPMENT_ASSET_PATHS = "\"PlanetsApp/Preview Content\"";
				ENABLE_PREVIEWS = YES;
				GENERATE_INFOPLIST_FILE = YES;
				INFOPLIST_KEY_UIApplicationSceneManifest_Generation = YES;
				INFOPLIST_KEY_UIApplicationSupportsIndirectInputEvents = YES;
				INFOPLIST_KEY_UILaunchScreen_Generation = YES;
				INFOPLIST_KEY_UISupportedInterfaceOrientations_iPad = "UIInterfaceOrientationPortrait UIInterfaceOrientationPortraitUpsideDown UIInterfaceOrientationLandscapeLeft UIInterfaceOrientationLandscapeRight";
				INFOPLIST_KEY_UISupportedInterfaceOrientations_iPhone = "UIInterfaceOrientationPortrait UIInterfaceOrientationLandscapeLeft UIInterfaceOrientationLandscapeRight";
				IPHONEOS_DEPLOYMENT_TARGET = 14.0;
				LD_RUNPATH_SEARCH_PATHS = (
					"$(inherited)",
					"@executable_path/Frameworks",
				);
				MARKETING_VERSION = 1.0;
				PRODUCT_BUNDLE_IDENTIFIER = com.nuwan.PlanetsApp;
				PRODUCT_NAME = "$(TARGET_NAME)";
				SWIFT_EMIT_LOC_STRINGS = YES;
				SWIFT_VERSION = 5.0;
				TARGETED_DEVICE_FAMILY = "1,2";
			};
			name = Release;
		};
/* End XCBuildConfiguration section */

/* Begin XCConfigurationList section */
		5EF59FB028D21B4800AB7851 /* Build configuration list for PBXProject "PlanetsApp" */ = {
			isa = XCConfigurationList;
			buildConfigurations = (
				5EF59FC128D21B4800AB7851 /* Debug */,
				5EF59FC228D21B4800AB7851 /* Release */,
			);
			defaultConfigurationIsVisible = 0;
			defaultConfigurationName = Release;
		};
		5EF59FC328D21B4800AB7851 /* Build configuration list for PBXNativeTarget "PlanetsApp" */ = {
			isa = XCConfigurationList;
			buildConfigurations = (
				5EF59FC428D21B4800AB7851 /* Debug */,
				5EF59FC528D21B4800AB7851 /* Release */,
			);
			defaultConfigurationIsVisible = 0;
			defaultConfigurationName = Release;
		};
/* End XCConfigurationList section */
	};
	rootObject = 5EF59FAD28D21B4800AB7851 /* Project object */;
}
